<Solution>
  <Folder Name="/src/">
    <Project Path="EternalBroker.Client\EternalBroker.Client.csproj" Type="Classic C#" />
    <Project Path="EternalBroker.Server\EternalBroker.Server.csproj" Type="Classic C#" />
    <Project Path="EternalBroker\EternalBroker.csproj" Type="Classic C#" />
  </Folder>
</Solution>