<Solution>
  <Folder Name="/src/">
    <Project Path="src\EternalBroker.Client\EternalBroker.Client.csproj" Type="Classic C#" />
    <Project Path="src\EternalBroker.Server\EternalBroker.Server.csproj" Type="Classic C#" />
    <Project Path="src\EternalBroker\EternalBroker.csproj" Type="Classic C#" />
  </Folder>
  <Folder Name="/test/">
    <Project Path="test\EternalBroker.Test\EternalBroker.Test.csproj" Type="Classic C#" />
  </Folder>
</Solution>